
Microsoft Visual Studio Solution File, Format Version 12.00
Project("{FAE04EC0-301F-11D3-BF4B-00C04F79EFBC}") = "FootballCRUD.Web", "FootballCRUD.Web\FootballCRUD.Web.csproj", "{C6C836A0-3A1A-411D-8B42-79ED203CBBED}"
EndProject
Global
	GlobalSection(SolutionConfigurationPlatforms) = preSolution
		Debug|Any CPU = Debug|Any CPU
		Release|Any CPU = Release|Any CPU
	EndGlobalSection
	GlobalSection(ProjectConfigurationPlatforms) = postSolution
		{C6C836A0-3A1A-411D-8B42-79ED203CBBED}.Debug|Any CPU.ActiveCfg = Debug|Any CPU
		{C6C836A0-3A1A-411D-8B42-79ED203CBBED}.Debug|Any CPU.Build.0 = Debug|Any CPU
		{C6C836A0-3A1A-411D-8B42-79ED203CBBED}.Release|Any CPU.ActiveCfg = Release|Any CPU
		{C6C836A0-3A1A-411D-8B42-79ED203CBBED}.Release|Any CPU.Build.0 = Release|Any CPU
	EndGlobalSection
EndGlobal
